<Solution>
  <Project Path="ArtistTool.AppHost/ArtistTool.AppHost.csproj" />
  <Project Path="ArtistTool.Domain/ArtistTool.Domain.csproj" />
  <Project Path="ArtistTool.Intelligence/ArtistTool.Intelligence.csproj" Id="698d2f70-2d9b-4d83-848d-c3265ddc707a" />
  <Project Path="ArtistTool.ServiceDefaults/ArtistTool.ServiceDefaults.csproj" />
  <Project Path="ArtistTool.Services/ArtistTool.Services.csproj" />
  <Project Path="ArtistTool.Workflows/ArtistTool.Workflows.csproj" Id="a602e66c-c67f-4e2b-9470-e65dd645b3b5" />
  <Project Path="ArtistTool/ArtistTool.csproj" />
</Solution>
